
Microsoft Visual Studio Solution File, Format Version 12.00
# Visual Studio Version 16
VisualStudioVersion = 16.0.31911.196
MinimumVisualStudioVersion = 10.0.40219.1
Project("{FAE04EC0-301F-11D3-BF4B-00C04F79EFBC}") = "Task_20", "Task_20\Task_20.csproj", "{1B79EAE2-D603-4BAF-912C-9157C02FEF14}"
EndProject
Global
	GlobalSection(SolutionConfigurationPlatforms) = preSolution
		Debug|Any CPU = Debug|Any CPU
		Release|Any CPU = Release|Any CPU
	EndGlobalSection
	GlobalSection(ProjectConfigurationPlatforms) = postSolution
		{1B79EAE2-D603-4BAF-912C-9157C02FEF14}.Debug|Any CPU.ActiveCfg = Debug|Any CPU
		{1B79EAE2-D603-4BAF-912C-9157C02FEF14}.Debug|Any CPU.Build.0 = Debug|Any CPU
		{1B79EAE2-D603-4BAF-912C-9157C02FEF14}.Release|Any CPU.ActiveCfg = Release|Any CPU
		{1B79EAE2-D603-4BAF-912C-9157C02FEF14}.Release|Any CPU.Build.0 = Release|Any CPU
	EndGlobalSection
	GlobalSection(SolutionProperties) = preSolution
		HideSolutionNode = FALSE
	EndGlobalSection
	GlobalSection(ExtensibilityGlobals) = postSolution
		SolutionGuid = {FAF3F35F-1FB3-4F5C-A46C-0168DEE30CE5}
	EndGlobalSection
EndGlobal
